// !$*UTF8*$!
{
	archiveVersion = 1;
	classes = {
	};
	objectVersion = 46;
	objects = {

/* Begin PBXBuildFile section */
		5508610A2158DC4F001A69FF /* NSAttributedString+DDHTML.h in Headers */ = {isa = PBXBuildFile; fileRef = AAA378A616701A280092D30F /* NSAttributedString+DDHTML.h */; settings = {ATTRIBUTES = (Public, ); }; };
		5508610B2158DC55001A69FF /* NSAttributedString+DDHTML.m in Sources */ = {isa = PBXBuildFile; fileRef = AAA378A716701A280092D30F /* NSAttributedString+DDHTML.m */; };
		5508610D2158DC76001A69FF /* libxml2.tbd in Frameworks */ = {isa = PBXBuildFile; fileRef = 5508610C2158DC75001A69FF /* libxml2.tbd */; };
		550861132158DF2D001A69FF /* NSAttributedString_DDHTML.h in Headers */ = {isa = PBXBuildFile; fileRef = 550861112158DF19001A69FF /* NSAttributedString_DDHTML.h */; settings = {ATTRIBUTES = (Public, ); }; };
		550861212158DF7D001A69FF /* NSAttributedString+DDHTML.h in Headers */ = {isa = PBXBuildFile; fileRef = AAA378A616701A280092D30F /* NSAttributedString+DDHTML.h */; settings = {ATTRIBUTES = (Public, ); }; };
		550861222158DF82001A69FF /* NSAttributedString+DDHTML.m in Sources */ = {isa = PBXBuildFile; fileRef = AAA378A716701A280092D30F /* NSAttributedString+DDHTML.m */; };
		550861232158DF91001A69FF /* libxml2.tbd in Frameworks */ = {isa = PBXBuildFile; fileRef = 5508610C2158DC75001A69FF /* libxml2.tbd */; };
		550861312158E01E001A69FF /* NSAttributedString+DDHTML.h in Headers */ = {isa = PBXBuildFile; fileRef = AAA378A616701A280092D30F /* NSAttributedString+DDHTML.h */; settings = {ATTRIBUTES = (Public, ); }; };
		550861322158E021001A69FF /* NSAttributedString+DDHTML.m in Sources */ = {isa = PBXBuildFile; fileRef = AAA378A716701A280092D30F /* NSAttributedString+DDHTML.m */; };
		550861342158E02B001A69FF /* libxml2.tbd in Frameworks */ = {isa = PBXBuildFile; fileRef = 550861332158E02B001A69FF /* libxml2.tbd */; };
		550861352158E160001A69FF /* NSAttributedString_DDHTML.h in Headers */ = {isa = PBXBuildFile; fileRef = 550861112158DF19001A69FF /* NSAttributedString_DDHTML.h */; settings = {ATTRIBUTES = (Public, ); }; };
		550861362158E161001A69FF /* NSAttributedString_DDHTML.h in Headers */ = {isa = PBXBuildFile; fileRef = 550861112158DF19001A69FF /* NSAttributedString_DDHTML.h */; settings = {ATTRIBUTES = (Public, ); }; };
		AA9A4B81166FE7A80006F4EE /* UIKit.framework in Frameworks */ = {isa = PBXBuildFile; fileRef = AA9A4B80166FE7A80006F4EE /* UIKit.framework */; };
		AA9A4B83166FE7A80006F4EE /* Foundation.framework in Frameworks */ = {isa = PBXBuildFile; fileRef = AA9A4B82166FE7A80006F4EE /* Foundation.framework */; };
		AA9A4B85166FE7A80006F4EE /* CoreGraphics.framework in Frameworks */ = {isa = PBXBuildFile; fileRef = AA9A4B84166FE7A80006F4EE /* CoreGraphics.framework */; };
		AA9A4B8B166FE7A80006F4EE /* InfoPlist.strings in Resources */ = {isa = PBXBuildFile; fileRef = AA9A4B89166FE7A80006F4EE /* InfoPlist.strings */; };
		AA9A4B8D166FE7A80006F4EE /* main.m in Sources */ = {isa = PBXBuildFile; fileRef = AA9A4B8C166FE7A80006F4EE /* main.m */; };
		AA9A4B91166FE7A80006F4EE /* AppDelegate.m in Sources */ = {isa = PBXBuildFile; fileRef = AA9A4B90166FE7A80006F4EE /* AppDelegate.m */; };
		AA9A4B93166FE7A80006F4EE /* Default.png in Resources */ = {isa = PBXBuildFile; fileRef = AA9A4B92166FE7A80006F4EE /* Default.png */; };
		AA9A4B95166FE7A80006F4EE /* Default@2x.png in Resources */ = {isa = PBXBuildFile; fileRef = AA9A4B94166FE7A80006F4EE /* Default@2x.png */; };
		AA9A4B97166FE7A80006F4EE /* Default-568h@2x.png in Resources */ = {isa = PBXBuildFile; fileRef = AA9A4B96166FE7A80006F4EE /* Default-568h@2x.png */; };
		AA9A4B9A166FE7A80006F4EE /* MainStoryboard.storyboard in Resources */ = {isa = PBXBuildFile; fileRef = AA9A4B98166FE7A80006F4EE /* MainStoryboard.storyboard */; };
		AA9A4B9D166FE7A80006F4EE /* ViewController.m in Sources */ = {isa = PBXBuildFile; fileRef = AA9A4B9C166FE7A80006F4EE /* ViewController.m */; };
		AA9A4BA7166FF1AA0006F4EE /* libxml2.dylib in Frameworks */ = {isa = PBXBuildFile; fileRef = AA9A4BA6166FF1AA0006F4EE /* libxml2.dylib */; };
		AAA378A816701A280092D30F /* NSAttributedString+DDHTML.m in Sources */ = {isa = PBXBuildFile; fileRef = AAA378A716701A280092D30F /* NSAttributedString+DDHTML.m */; };
		D11933B11BD0883F00E34F3A /* car.png in Resources */ = {isa = PBXBuildFile; fileRef = D11933B01BD0883F00E34F3A /* car.png */; };
/* End PBXBuildFile section */

/* Begin PBXFileReference section */
		550861022158DBEF001A69FF /* NSAttributedString_DDHTML.framework */ = {isa = PBXFileReference; explicitFileType = wrapper.framework; includeInIndex = 0; path = NSAttributedString_DDHTML.framework; sourceTree = BUILT_PRODUCTS_DIR; };
		5508610C2158DC75001A69FF /* libxml2.tbd */ = {isa = PBXFileReference; lastKnownFileType = "sourcecode.text-based-dylib-definition"; name = libxml2.tbd; path = usr/lib/libxml2.tbd; sourceTree = SDKROOT; };
		550861112158DF19001A69FF /* NSAttributedString_DDHTML.h */ = {isa = PBXFileReference; lastKnownFileType = sourcecode.c.h; path = NSAttributedString_DDHTML.h; sourceTree = "<group>"; };
		550861122158DF19001A69FF /* Info.plist */ = {isa = PBXFileReference; lastKnownFileType = text.plist.xml; path = Info.plist; sourceTree = "<group>"; };
		550861192158DF65001A69FF /* NSAttributedString_DDHTML_tvOS.framework */ = {isa = PBXFileReference; explicitFileType = wrapper.framework; includeInIndex = 0; path = NSAttributedString_DDHTML_tvOS.framework; sourceTree = BUILT_PRODUCTS_DIR; };
		550861292158E00F001A69FF /* NSAttributedString_DDHTML_watchOS.framework */ = {isa = PBXFileReference; explicitFileType = wrapper.framework; includeInIndex = 0; path = NSAttributedString_DDHTML_watchOS.framework; sourceTree = BUILT_PRODUCTS_DIR; };
		550861332158E02B001A69FF /* libxml2.tbd */ = {isa = PBXFileReference; lastKnownFileType = "sourcecode.text-based-dylib-definition"; name = libxml2.tbd; path = Platforms/WatchOS.platform/Developer/SDKs/WatchOS5.0.sdk/usr/lib/libxml2.tbd; sourceTree = DEVELOPER_DIR; };
		AA9A4B7C166FE7A80006F4EE /* HTMLToAttributedString.app */ = {isa = PBXFileReference; explicitFileType = wrapper.application; includeInIndex = 0; path = HTMLToAttributedString.app; sourceTree = BUILT_PRODUCTS_DIR; };
		AA9A4B80166FE7A80006F4EE /* UIKit.framework */ = {isa = PBXFileReference; lastKnownFileType = wrapper.framework; name = UIKit.framework; path = System/Library/Frameworks/UIKit.framework; sourceTree = SDKROOT; };
		AA9A4B82166FE7A80006F4EE /* Foundation.framework */ = {isa = PBXFileReference; lastKnownFileType = wrapper.framework; name = Foundation.framework; path = System/Library/Frameworks/Foundation.framework; sourceTree = SDKROOT; };
		AA9A4B84166FE7A80006F4EE /* CoreGraphics.framework */ = {isa = PBXFileReference; lastKnownFileType = wrapper.framework; name = CoreGraphics.framework; path = System/Library/Frameworks/CoreGraphics.framework; sourceTree = SDKROOT; };
		AA9A4B88166FE7A80006F4EE /* HTMLToAttributedString-Info.plist */ = {isa = PBXFileReference; lastKnownFileType = text.plist.xml; path = "HTMLToAttributedString-Info.plist"; sourceTree = "<group>"; };
		AA9A4B8A166FE7A80006F4EE /* en */ = {isa = PBXFileReference; lastKnownFileType = text.plist.strings; name = en; path = en.lproj/InfoPlist.strings; sourceTree = "<group>"; };
		AA9A4B8C166FE7A80006F4EE /* main.m */ = {isa = PBXFileReference; lastKnownFileType = sourcecode.c.objc; path = main.m; sourceTree = "<group>"; };
		AA9A4B8E166FE7A80006F4EE /* HTMLToAttributedString-Prefix.pch */ = {isa = PBXFileReference; lastKnownFileType = sourcecode.c.h; path = "HTMLToAttributedString-Prefix.pch"; sourceTree = "<group>"; };
		AA9A4B8F166FE7A80006F4EE /* AppDelegate.h */ = {isa = PBXFileReference; lastKnownFileType = sourcecode.c.h; path = AppDelegate.h; sourceTree = "<group>"; };
		AA9A4B90166FE7A80006F4EE /* AppDelegate.m */ = {isa = PBXFileReference; lastKnownFileType = sourcecode.c.objc; path = AppDelegate.m; sourceTree = "<group>"; };
		AA9A4B92166FE7A80006F4EE /* Default.png */ = {isa = PBXFileReference; lastKnownFileType = image.png; path = Default.png; sourceTree = "<group>"; };
		AA9A4B94166FE7A80006F4EE /* Default@2x.png */ = {isa = PBXFileReference; lastKnownFileType = image.png; path = "Default@2x.png"; sourceTree = "<group>"; };
		AA9A4B96166FE7A80006F4EE /* Default-568h@2x.png */ = {isa = PBXFileReference; lastKnownFileType = image.png; path = "Default-568h@2x.png"; sourceTree = "<group>"; };
		AA9A4B99166FE7A80006F4EE /* en */ = {isa = PBXFileReference; lastKnownFileType = file.storyboard; name = en; path = en.lproj/MainStoryboard.storyboard; sourceTree = "<group>"; };
		AA9A4B9B166FE7A80006F4EE /* ViewController.h */ = {isa = PBXFileReference; lastKnownFileType = sourcecode.c.h; path = ViewController.h; sourceTree = "<group>"; };
		AA9A4B9C166FE7A80006F4EE /* ViewController.m */ = {isa = PBXFileReference; lastKnownFileType = sourcecode.c.objc; path = ViewController.m; sourceTree = "<group>"; };
		AA9A4BA6166FF1AA0006F4EE /* libxml2.dylib */ = {isa = PBXFileReference; lastKnownFileType = "compiled.mach-o.dylib"; name = libxml2.dylib; path = usr/lib/libxml2.dylib; sourceTree = SDKROOT; };
		AAA378A616701A280092D30F /* NSAttributedString+DDHTML.h */ = {isa = PBXFileReference; fileEncoding = 4; lastKnownFileType = sourcecode.c.h; path = "NSAttributedString+DDHTML.h"; sourceTree = "<group>"; };
		AAA378A716701A280092D30F /* NSAttributedString+DDHTML.m */ = {isa = PBXFileReference; fileEncoding = 4; lastKnownFileType = sourcecode.c.objc; path = "NSAttributedString+DDHTML.m"; sourceTree = "<group>"; };
		D11933B01BD0883F00E34F3A /* car.png */ = {isa = PBXFileReference; lastKnownFileType = image.png; path = car.png; sourceTree = "<group>"; };
/* End PBXFileReference section */

/* Begin PBXFrameworksBuildPhase section */
		550860FF2158DBEF001A69FF /* Frameworks */ = {
			isa = PBXFrameworksBuildPhase;
			buildActionMask = 2147483647;
			files = (
				5508610D2158DC76001A69FF /* libxml2.tbd in Frameworks */,
			);
			runOnlyForDeploymentPostprocessing = 0;
		};
		550861162158DF65001A69FF /* Frameworks */ = {
			isa = PBXFrameworksBuildPhase;
			buildActionMask = 2147483647;
			files = (
				550861232158DF91001A69FF /* libxml2.tbd in Frameworks */,
			);
			runOnlyForDeploymentPostprocessing = 0;
		};
		550861262158E00F001A69FF /* Frameworks */ = {
			isa = PBXFrameworksBuildPhase;
			buildActionMask = 2147483647;
			files = (
				550861342158E02B001A69FF /* libxml2.tbd in Frameworks */,
			);
			runOnlyForDeploymentPostprocessing = 0;
		};
		AA9A4B79166FE7A80006F4EE /* Frameworks */ = {
			isa = PBXFrameworksBuildPhase;
			buildActionMask = 2147483647;
			files = (
				AA9A4BA7166FF1AA0006F4EE /* libxml2.dylib in Frameworks */,
				AA9A4B81166FE7A80006F4EE /* UIKit.framework in Frameworks */,
				AA9A4B83166FE7A80006F4EE /* Foundation.framework in Frameworks */,
				AA9A4B85166FE7A80006F4EE /* CoreGraphics.framework in Frameworks */,
			);
			runOnlyForDeploymentPostprocessing = 0;
		};
/* End PBXFrameworksBuildPhase section */

/* Begin PBXGroup section */
		550861392158E1E2001A69FF /* NSAttributedString_DDHTML */ = {
			isa = PBXGroup;
			children = (
				550861112158DF19001A69FF /* NSAttributedString_DDHTML.h */,
				550861122158DF19001A69FF /* Info.plist */,
			);
			path = NSAttributedString_DDHTML;
			sourceTree = "<group>";
		};
		AA9A4B71166FE7A80006F4EE = {
			isa = PBXGroup;
			children = (
				AA9A4BA6166FF1AA0006F4EE /* libxml2.dylib */,
				AA9A4B86166FE7A80006F4EE /* HTMLToAttributedString */,
				AAA378A516701A280092D30F /* NSAttributedString+DDHTML */,
				550861392158E1E2001A69FF /* NSAttributedString_DDHTML */,
				AA9A4B7F166FE7A80006F4EE /* Frameworks */,
				AA9A4B7D166FE7A80006F4EE /* Products */,
			);
			sourceTree = "<group>";
		};
		AA9A4B7D166FE7A80006F4EE /* Products */ = {
			isa = PBXGroup;
			children = (
				AA9A4B7C166FE7A80006F4EE /* HTMLToAttributedString.app */,
				550861022158DBEF001A69FF /* NSAttributedString_DDHTML.framework */,
				550861192158DF65001A69FF /* NSAttributedString_DDHTML_tvOS.framework */,
				550861292158E00F001A69FF /* NSAttributedString_DDHTML_watchOS.framework */,
			);
			name = Products;
			sourceTree = "<group>";
		};
		AA9A4B7F166FE7A80006F4EE /* Frameworks */ = {
			isa = PBXGroup;
			children = (
				5508610C2158DC75001A69FF /* libxml2.tbd */,
				550861332158E02B001A69FF /* libxml2.tbd */,
				AA9A4B80166FE7A80006F4EE /* UIKit.framework */,
				AA9A4B82166FE7A80006F4EE /* Foundation.framework */,
				AA9A4B84166FE7A80006F4EE /* CoreGraphics.framework */,
			);
			name = Frameworks;
			sourceTree = "<group>";
		};
		AA9A4B86166FE7A80006F4EE /* HTMLToAttributedString */ = {
			isa = PBXGroup;
			children = (
				AA9A4B8F166FE7A80006F4EE /* AppDelegate.h */,
				AA9A4B90166FE7A80006F4EE /* AppDelegate.m */,
				AA9A4B98166FE7A80006F4EE /* MainStoryboard.storyboard */,
				AA9A4B9B166FE7A80006F4EE /* ViewController.h */,
				AA9A4B9C166FE7A80006F4EE /* ViewController.m */,
				AA9A4B87166FE7A80006F4EE /* Supporting Files */,
			);
			path = HTMLToAttributedString;
			sourceTree = "<group>";
		};
		AA9A4B87166FE7A80006F4EE /* Supporting Files */ = {
			isa = PBXGroup;
			children = (
				D11933B01BD0883F00E34F3A /* car.png */,
				AA9A4B88166FE7A80006F4EE /* HTMLToAttributedString-Info.plist */,
				AA9A4B89166FE7A80006F4EE /* InfoPlist.strings */,
				AA9A4B8C166FE7A80006F4EE /* main.m */,
				AA9A4B8E166FE7A80006F4EE /* HTMLToAttributedString-Prefix.pch */,
				AA9A4B92166FE7A80006F4EE /* Default.png */,
				AA9A4B94166FE7A80006F4EE /* Default@2x.png */,
				AA9A4B96166FE7A80006F4EE /* Default-568h@2x.png */,
			);
			name = "Supporting Files";
			sourceTree = "<group>";
		};
		AAA378A516701A280092D30F /* NSAttributedString+DDHTML */ = {
			isa = PBXGroup;
			children = (
				AAA378A616701A280092D30F /* NSAttributedString+DDHTML.h */,
				AAA378A716701A280092D30F /* NSAttributedString+DDHTML.m */,
			);
			path = "NSAttributedString+DDHTML";
			sourceTree = SOURCE_ROOT;
		};
/* End PBXGroup section */

/* Begin PBXHeadersBuildPhase section */
		550860FD2158DBEF001A69FF /* Headers */ = {
			isa = PBXHeadersBuildPhase;
			buildActionMask = 2147483647;
			files = (
				5508610A2158DC4F001A69FF /* NSAttributedString+DDHTML.h in Headers */,
				550861132158DF2D001A69FF /* NSAttributedString_DDHTML.h in Headers */,
			);
			runOnlyForDeploymentPostprocessing = 0;
		};
		550861142158DF65001A69FF /* Headers */ = {
			isa = PBXHeadersBuildPhase;
			buildActionMask = 2147483647;
			files = (
				550861362158E161001A69FF /* NSAttributedString_DDHTML.h in Headers */,
				550861212158DF7D001A69FF /* NSAttributedString+DDHTML.h in Headers */,
			);
			runOnlyForDeploymentPostprocessing = 0;
		};
		550861242158E00F001A69FF /* Headers */ = {
			isa = PBXHeadersBuildPhase;
			buildActionMask = 2147483647;
			files = (
				550861352158E160001A69FF /* NSAttributedString_DDHTML.h in Headers */,
				550861312158E01E001A69FF /* NSAttributedString+DDHTML.h in Headers */,
			);
			runOnlyForDeploymentPostprocessing = 0;
		};
/* End PBXHeadersBuildPhase section */

/* Begin PBXNativeTarget section */
		550861012158DBEF001A69FF /* NSAttributedString_DDHTML_iOS */ = {
			isa = PBXNativeTarget;
			buildConfigurationList = 550861092158DBF0001A69FF /* Build configuration list for PBXNativeTarget "NSAttributedString_DDHTML_iOS" */;
			buildPhases = (
				550860FD2158DBEF001A69FF /* Headers */,
				550860FE2158DBEF001A69FF /* Sources */,
				550860FF2158DBEF001A69FF /* Frameworks */,
				550861002158DBEF001A69FF /* Resources */,
			);
			buildRules = (
			);
			dependencies = (
			);
			name = NSAttributedString_DDHTML_iOS;
			productName = NSAttributedString_DDHTML_iOS;
			productReference = 550861022158DBEF001A69FF /* NSAttributedString_DDHTML.framework */;
			productType = "com.apple.product-type.framework";
		};
		550861182158DF65001A69FF /* NSAttributedString_DDHTML_tvOS */ = {
			isa = PBXNativeTarget;
			buildConfigurationList = 5508611E2158DF66001A69FF /* Build configuration list for PBXNativeTarget "NSAttributedString_DDHTML_tvOS" */;
			buildPhases = (
				550861142158DF65001A69FF /* Headers */,
				550861152158DF65001A69FF /* Sources */,
				550861162158DF65001A69FF /* Frameworks */,
				550861172158DF65001A69FF /* Resources */,
			);
			buildRules = (
			);
			dependencies = (
			);
			name = NSAttributedString_DDHTML_tvOS;
			productName = NSAttributedString_DDHTML_tvOS;
			productReference = 550861192158DF65001A69FF /* NSAttributedString_DDHTML_tvOS.framework */;
			productType = "com.apple.product-type.framework";
		};
		550861282158E00F001A69FF /* NSAttributedString_DDHTML_watchOS */ = {
			isa = PBXNativeTarget;
			buildConfigurationList = 5508612E2158E00F001A69FF /* Build configuration list for PBXNativeTarget "NSAttributedString_DDHTML_watchOS" */;
			buildPhases = (
				550861242158E00F001A69FF /* Headers */,
				550861252158E00F001A69FF /* Sources */,
				550861262158E00F001A69FF /* Frameworks */,
				550861272158E00F001A69FF /* Resources */,
			);
			buildRules = (
			);
			dependencies = (
			);
			name = NSAttributedString_DDHTML_watchOS;
			productName = NSAttributedString_DDHTML_watchOS;
			productReference = 550861292158E00F001A69FF /* NSAttributedString_DDHTML_watchOS.framework */;
			productType = "com.apple.product-type.framework";
		};
		AA9A4B7B166FE7A80006F4EE /* HTMLToAttributedString */ = {
			isa = PBXNativeTarget;
			buildConfigurationList = AA9A4BA0166FE7A80006F4EE /* Build configuration list for PBXNativeTarget "HTMLToAttributedString" */;
			buildPhases = (
				AA9A4B78166FE7A80006F4EE /* Sources */,
				AA9A4B79166FE7A80006F4EE /* Frameworks */,
				AA9A4B7A166FE7A80006F4EE /* Resources */,
			);
			buildRules = (
			);
			dependencies = (
			);
			name = HTMLToAttributedString;
			productName = HTMLToAttributedString;
			productReference = AA9A4B7C166FE7A80006F4EE /* HTMLToAttributedString.app */;
			productType = "com.apple.product-type.application";
		};
/* End PBXNativeTarget section */

/* Begin PBXProject section */
		AA9A4B73166FE7A80006F4EE /* Project object */ = {
			isa = PBXProject;
			attributes = {
				LastUpgradeCheck = 1000;
				ORGANIZATIONNAME = "Deloitte Digital";
				TargetAttributes = {
					550861012158DBEF001A69FF = {
						CreatedOnToolsVersion = 10.0;
						ProvisioningStyle = Automatic;
					};
					550861182158DF65001A69FF = {
						CreatedOnToolsVersion = 10.0;
						ProvisioningStyle = Automatic;
					};
					550861282158E00F001A69FF = {
						CreatedOnToolsVersion = 10.0;
						ProvisioningStyle = Automatic;
					};
				};
			};
			buildConfigurationList = AA9A4B76166FE7A80006F4EE /* Build configuration list for PBXProject "HTMLToAttributedString" */;
			compatibilityVersion = "Xcode 3.2";
			developmentRegion = English;
			hasScannedForEncodings = 0;
			knownRegions = (
				en,
			);
			mainGroup = AA9A4B71166FE7A80006F4EE;
			productRefGroup = AA9A4B7D166FE7A80006F4EE /* Products */;
			projectDirPath = "";
			projectRoot = "";
			targets = (
				AA9A4B7B166FE7A80006F4EE /* HTMLToAttributedString */,
				550861012158DBEF001A69FF /* NSAttributedString_DDHTML_iOS */,
				550861182158DF65001A69FF /* NSAttributedString_DDHTML_tvOS */,
				550861282158E00F001A69FF /* NSAttributedString_DDHTML_watchOS */,
			);
		};
/* End PBXProject section */

/* Begin PBXResourcesBuildPhase section */
		550861002158DBEF001A69FF /* Resources */ = {
			isa = PBXResourcesBuildPhase;
			buildActionMask = 2147483647;
			files = (
			);
			runOnlyForDeploymentPostprocessing = 0;
		};
		550861172158DF65001A69FF /* Resources */ = {
			isa = PBXResourcesBuildPhase;
			buildActionMask = 2147483647;
			files = (
			);
			runOnlyForDeploymentPostprocessing = 0;
		};
		550861272158E00F001A69FF /* Resources */ = {
			isa = PBXResourcesBuildPhase;
			buildActionMask = 2147483647;
			files = (
			);
			runOnlyForDeploymentPostprocessing = 0;
		};
		AA9A4B7A166FE7A80006F4EE /* Resources */ = {
			isa = PBXResourcesBuildPhase;
			buildActionMask = 2147483647;
			files = (
				AA9A4B8B166FE7A80006F4EE /* InfoPlist.strings in Resources */,
				AA9A4B93166FE7A80006F4EE /* Default.png in Resources */,
				AA9A4B95166FE7A80006F4EE /* Default@2x.png in Resources */,
				D11933B11BD0883F00E34F3A /* car.png in Resources */,
				AA9A4B97166FE7A80006F4EE /* Default-568h@2x.png in Resources */,
				AA9A4B9A166FE7A80006F4EE /* MainStoryboard.storyboard in Resources */,
			);
			runOnlyForDeploymentPostprocessing = 0;
		};
/* End PBXResourcesBuildPhase section */

/* Begin PBXSourcesBuildPhase section */
		550860FE2158DBEF001A69FF /* Sources */ = {
			isa = PBXSourcesBuildPhase;
			buildActionMask = 2147483647;
			files = (
				5508610B2158DC55001A69FF /* NSAttributedString+DDHTML.m in Sources */,
			);
			runOnlyForDeploymentPostprocessing = 0;
		};
		550861152158DF65001A69FF /* Sources */ = {
			isa = PBXSourcesBuildPhase;
			buildActionMask = 2147483647;
			files = (
				550861222158DF82001A69FF /* NSAttributedString+DDHTML.m in Sources */,
			);
			runOnlyForDeploymentPostprocessing = 0;
		};
		550861252158E00F001A69FF /* Sources */ = {
			isa = PBXSourcesBuildPhase;
			buildActionMask = 2147483647;
			files = (
				550861322158E021001A69FF /* NSAttributedString+DDHTML.m in Sources */,
			);
			runOnlyForDeploymentPostprocessing = 0;
		};
		AA9A4B78166FE7A80006F4EE /* Sources */ = {
			isa = PBXSourcesBuildPhase;
			buildActionMask = 2147483647;
			files = (
				AA9A4B8D166FE7A80006F4EE /* main.m in Sources */,
				AA9A4B91166FE7A80006F4EE /* AppDelegate.m in Sources */,
				AA9A4B9D166FE7A80006F4EE /* ViewController.m in Sources */,
				AAA378A816701A280092D30F /* NSAttributedString+DDHTML.m in Sources */,
			);
			runOnlyForDeploymentPostprocessing = 0;
		};
/* End PBXSourcesBuildPhase section */

/* Begin PBXVariantGroup section */
		AA9A4B89166FE7A80006F4EE /* InfoPlist.strings */ = {
			isa = PBXVariantGroup;
			children = (
				AA9A4B8A166FE7A80006F4EE /* en */,
			);
			name = InfoPlist.strings;
			sourceTree = "<group>";
		};
		AA9A4B98166FE7A80006F4EE /* MainStoryboard.storyboard */ = {
			isa = PBXVariantGroup;
			children = (
				AA9A4B99166FE7A80006F4EE /* en */,
			);
			name = MainStoryboard.storyboard;
			sourceTree = "<group>";
		};
/* End PBXVariantGroup section */

/* Begin XCBuildConfiguration section */
		550861072158DBF0001A69FF /* Debug */ = {
			isa = XCBuildConfiguration;
			buildSettings = {
				CLANG_ANALYZER_NONNULL = YES;
				CLANG_ANALYZER_NUMBER_OBJECT_CONVERSION = YES_AGGRESSIVE;
				CLANG_CXX_LANGUAGE_STANDARD = "gnu++14";
				CLANG_ENABLE_MODULES = YES;
				CLANG_ENABLE_OBJC_WEAK = YES;
				CLANG_WARN_BLOCK_CAPTURE_AUTORELEASING = YES;
				CLANG_WARN_BOOL_CONVERSION = YES;
				CLANG_WARN_COMMA = YES;
				CLANG_WARN_CONSTANT_CONVERSION = YES;
				CLANG_WARN_DEPRECATED_OBJC_IMPLEMENTATIONS = YES;
				CLANG_WARN_DIRECT_OBJC_ISA_USAGE = YES_ERROR;
				CLANG_WARN_DOCUMENTATION_COMMENTS = YES;
				CLANG_WARN_ENUM_CONVERSION = YES;
				CLANG_WARN_INFINITE_RECURSION = YES;
				CLANG_WARN_INT_CONVERSION = YES;
				CLANG_WARN_NON_LITERAL_NULL_CONVERSION = YES;
				CLANG_WARN_OBJC_IMPLICIT_RETAIN_SELF = YES;
				CLANG_WARN_OBJC_LITERAL_CONVERSION = YES;
				CLANG_WARN_OBJC_ROOT_CLASS = YES_ERROR;
				CLANG_WARN_RANGE_LOOP_ANALYSIS = YES;
				CLANG_WARN_STRICT_PROTOTYPES = YES;
				CLANG_WARN_SUSPICIOUS_MOVE = YES;
				CLANG_WARN_UNGUARDED_AVAILABILITY = YES_AGGRESSIVE;
				CLANG_WARN_UNREACHABLE_CODE = YES;
				CODE_SIGN_IDENTITY = "";
				CODE_SIGN_STYLE = Automatic;
				CURRENT_PROJECT_VERSION = 1;
				DEBUG_INFORMATION_FORMAT = dwarf;
				DEFINES_MODULE = YES;
				DYLIB_COMPATIBILITY_VERSION = 1;
				DYLIB_CURRENT_VERSION = 1;
				DYLIB_INSTALL_NAME_BASE = "@rpath";
				ENABLE_STRICT_OBJC_MSGSEND = YES;
				ENABLE_TESTABILITY = YES;
				GCC_C_LANGUAGE_STANDARD = gnu11;
				GCC_NO_COMMON_BLOCKS = YES;
				GCC_WARN_64_TO_32_BIT_CONVERSION = YES;
				GCC_WARN_ABOUT_RETURN_TYPE = YES_ERROR;
				GCC_WARN_UNDECLARED_SELECTOR = YES;
				GCC_WARN_UNINITIALIZED_AUTOS = YES_AGGRESSIVE;
				GCC_WARN_UNUSED_FUNCTION = YES;
				INFOPLIST_FILE = NSAttributedString_DDHTML/Info.plist;
				INSTALL_PATH = "$(LOCAL_LIBRARY_DIR)/Frameworks";
				IPHONEOS_DEPLOYMENT_TARGET = 8.0;
				LD_RUNPATH_SEARCH_PATHS = "$(inherited) @executable_path/Frameworks @loader_path/Frameworks";
				MTL_ENABLE_DEBUG_INFO = INCLUDE_SOURCE;
				MTL_FAST_MATH = YES;
				PRODUCT_BUNDLE_IDENTIFIER = "com.milibris.NSAttributedString-DDHTML-iOS";
				PRODUCT_NAME = NSAttributedString_DDHTML;
				SKIP_INSTALL = YES;
				TARGETED_DEVICE_FAMILY = "1,2";
				VERSIONING_SYSTEM = "apple-generic";
				VERSION_INFO_PREFIX = "";
			};
			name = Debug;
		};
		550861082158DBF0001A69FF /* Release */ = {
			isa = XCBuildConfiguration;
			buildSettings = {
				CLANG_ANALYZER_NONNULL = YES;
				CLANG_ANALYZER_NUMBER_OBJECT_CONVERSION = YES_AGGRESSIVE;
				CLANG_CXX_LANGUAGE_STANDARD = "gnu++14";
				CLANG_ENABLE_MODULES = YES;
				CLANG_ENABLE_OBJC_WEAK = YES;
				CLANG_WARN_BLOCK_CAPTURE_AUTORELEASING = YES;
				CLANG_WARN_BOOL_CONVERSION = YES;
				CLANG_WARN_COMMA = YES;
				CLANG_WARN_CONSTANT_CONVERSION = YES;
				CLANG_WARN_DEPRECATED_OBJC_IMPLEMENTATIONS = YES;
				CLANG_WARN_DIRECT_OBJC_ISA_USAGE = YES_ERROR;
				CLANG_WARN_DOCUMENTATION_COMMENTS = YES;
				CLANG_WARN_ENUM_CONVERSION = YES;
				CLANG_WARN_INFINITE_RECURSION = YES;
				CLANG_WARN_INT_CONVERSION = YES;
				CLANG_WARN_NON_LITERAL_NULL_CONVERSION = YES;
				CLANG_WARN_OBJC_IMPLICIT_RETAIN_SELF = YES;
				CLANG_WARN_OBJC_LITERAL_CONVERSION = YES;
				CLANG_WARN_OBJC_ROOT_CLASS = YES_ERROR;
				CLANG_WARN_RANGE_LOOP_ANALYSIS = YES;
				CLANG_WARN_STRICT_PROTOTYPES = YES;
				CLANG_WARN_SUSPICIOUS_MOVE = YES;
				CLANG_WARN_UNGUARDED_AVAILABILITY = YES_AGGRESSIVE;
				CLANG_WARN_UNREACHABLE_CODE = YES;
				CODE_SIGN_IDENTITY = "";
				CODE_SIGN_STYLE = Automatic;
				COPY_PHASE_STRIP = NO;
				CURRENT_PROJECT_VERSION = 1;
				DEBUG_INFORMATION_FORMAT = "dwarf-with-dsym";
				DEFINES_MODULE = YES;
				DYLIB_COMPATIBILITY_VERSION = 1;
				DYLIB_CURRENT_VERSION = 1;
				DYLIB_INSTALL_NAME_BASE = "@rpath";
				ENABLE_NS_ASSERTIONS = NO;
				ENABLE_STRICT_OBJC_MSGSEND = YES;
				GCC_C_LANGUAGE_STANDARD = gnu11;
				GCC_NO_COMMON_BLOCKS = YES;
				GCC_WARN_64_TO_32_BIT_CONVERSION = YES;
				GCC_WARN_ABOUT_RETURN_TYPE = YES_ERROR;
				GCC_WARN_UNDECLARED_SELECTOR = YES;
				GCC_WARN_UNINITIALIZED_AUTOS = YES_AGGRESSIVE;
				GCC_WARN_UNUSED_FUNCTION = YES;
				INFOPLIST_FILE = NSAttributedString_DDHTML/Info.plist;
				INSTALL_PATH = "$(LOCAL_LIBRARY_DIR)/Frameworks";
				IPHONEOS_DEPLOYMENT_TARGET = 8.0;
				LD_RUNPATH_SEARCH_PATHS = "$(inherited) @executable_path/Frameworks @loader_path/Frameworks";
				MTL_ENABLE_DEBUG_INFO = NO;
				MTL_FAST_MATH = YES;
				PRODUCT_BUNDLE_IDENTIFIER = "com.milibris.NSAttributedString-DDHTML-iOS";
				PRODUCT_NAME = NSAttributedString_DDHTML;
				SKIP_INSTALL = YES;
				TARGETED_DEVICE_FAMILY = "1,2";
				VERSIONING_SYSTEM = "apple-generic";
				VERSION_INFO_PREFIX = "";
			};
			name = Release;
		};
		5508611F2158DF66001A69FF /* Debug */ = {
			isa = XCBuildConfiguration;
			buildSettings = {
				CLANG_ANALYZER_NONNULL = YES;
				CLANG_ANALYZER_NUMBER_OBJECT_CONVERSION = YES_AGGRESSIVE;
				CLANG_CXX_LANGUAGE_STANDARD = "gnu++14";
				CLANG_ENABLE_MODULES = YES;
				CLANG_ENABLE_OBJC_WEAK = YES;
				CLANG_WARN_BLOCK_CAPTURE_AUTORELEASING = YES;
				CLANG_WARN_BOOL_CONVERSION = YES;
				CLANG_WARN_COMMA = YES;
				CLANG_WARN_CONSTANT_CONVERSION = YES;
				CLANG_WARN_DEPRECATED_OBJC_IMPLEMENTATIONS = YES;
				CLANG_WARN_DIRECT_OBJC_ISA_USAGE = YES_ERROR;
				CLANG_WARN_DOCUMENTATION_COMMENTS = YES;
				CLANG_WARN_ENUM_CONVERSION = YES;
				CLANG_WARN_INFINITE_RECURSION = YES;
				CLANG_WARN_INT_CONVERSION = YES;
				CLANG_WARN_NON_LITERAL_NULL_CONVERSION = YES;
				CLANG_WARN_OBJC_IMPLICIT_RETAIN_SELF = YES;
				CLANG_WARN_OBJC_LITERAL_CONVERSION = YES;
				CLANG_WARN_OBJC_ROOT_CLASS = YES_ERROR;
				CLANG_WARN_RANGE_LOOP_ANALYSIS = YES;
				CLANG_WARN_STRICT_PROTOTYPES = YES;
				CLANG_WARN_SUSPICIOUS_MOVE = YES;
				CLANG_WARN_UNGUARDED_AVAILABILITY = YES_AGGRESSIVE;
				CLANG_WARN_UNREACHABLE_CODE = YES;
				CODE_SIGN_IDENTITY = "";
				CODE_SIGN_STYLE = Automatic;
				CURRENT_PROJECT_VERSION = 1;
				DEBUG_INFORMATION_FORMAT = dwarf;
				DEFINES_MODULE = YES;
				DYLIB_COMPATIBILITY_VERSION = 1;
				DYLIB_CURRENT_VERSION = 1;
				DYLIB_INSTALL_NAME_BASE = "@rpath";
				ENABLE_STRICT_OBJC_MSGSEND = YES;
				ENABLE_TESTABILITY = YES;
				GCC_C_LANGUAGE_STANDARD = gnu11;
				GCC_NO_COMMON_BLOCKS = YES;
				GCC_WARN_64_TO_32_BIT_CONVERSION = YES;
				GCC_WARN_ABOUT_RETURN_TYPE = YES_ERROR;
				GCC_WARN_UNDECLARED_SELECTOR = YES;
				GCC_WARN_UNINITIALIZED_AUTOS = YES_AGGRESSIVE;
				GCC_WARN_UNUSED_FUNCTION = YES;
				INFOPLIST_FILE = NSAttributedString_DDHTML/Info.plist;
				INSTALL_PATH = "$(LOCAL_LIBRARY_DIR)/Frameworks";
				IPHONEOS_DEPLOYMENT_TARGET = 9.0;
				LD_RUNPATH_SEARCH_PATHS = "$(inherited) @executable_path/Frameworks @loader_path/Frameworks";
				MTL_ENABLE_DEBUG_INFO = INCLUDE_SOURCE;
				MTL_FAST_MATH = YES;
				PRODUCT_BUNDLE_IDENTIFIER = "com.milibris.NSAttributedString-DDHTML-tvOS";
				PRODUCT_NAME = "$(TARGET_NAME:c99extidentifier)";
				SKIP_INSTALL = YES;
				TARGETED_DEVICE_FAMILY = "1,2";
				VERSIONING_SYSTEM = "apple-generic";
				VERSION_INFO_PREFIX = "";
			};
			name = Debug;
		};
		550861202158DF66001A69FF /* Release */ = {
			isa = XCBuildConfiguration;
			buildSettings = {
				CLANG_ANALYZER_NONNULL = YES;
				CLANG_ANALYZER_NUMBER_OBJECT_CONVERSION = YES_AGGRESSIVE;
				CLANG_CXX_LANGUAGE_STANDARD = "gnu++14";
				CLANG_ENABLE_MODULES = YES;
				CLANG_ENABLE_OBJC_WEAK = YES;
				CLANG_WARN_BLOCK_CAPTURE_AUTORELEASING = YES;
				CLANG_WARN_BOOL_CONVERSION = YES;
				CLANG_WARN_COMMA = YES;
				CLANG_WARN_CONSTANT_CONVERSION = YES;
				CLANG_WARN_DEPRECATED_OBJC_IMPLEMENTATIONS = YES;
				CLANG_WARN_DIRECT_OBJC_ISA_USAGE = YES_ERROR;
				CLANG_WARN_DOCUMENTATION_COMMENTS = YES;
				CLANG_WARN_ENUM_CONVERSION = YES;
				CLANG_WARN_INFINITE_RECURSION = YES;
				CLANG_WARN_INT_CONVERSION = YES;
				CLANG_WARN_NON_LITERAL_NULL_CONVERSION = YES;
				CLANG_WARN_OBJC_IMPLICIT_RETAIN_SELF = YES;
				CLANG_WARN_OBJC_LITERAL_CONVERSION = YES;
				CLANG_WARN_OBJC_ROOT_CLASS = YES_ERROR;
				CLANG_WARN_RANGE_LOOP_ANALYSIS = YES;
				CLANG_WARN_STRICT_PROTOTYPES = YES;
				CLANG_WARN_SUSPICIOUS_MOVE = YES;
				CLANG_WARN_UNGUARDED_AVAILABILITY = YES_AGGRESSIVE;
				CLANG_WARN_UNREACHABLE_CODE = YES;
				CODE_SIGN_IDENTITY = "";
				CODE_SIGN_STYLE = Automatic;
				COPY_PHASE_STRIP = NO;
				CURRENT_PROJECT_VERSION = 1;
				DEBUG_INFORMATION_FORMAT = "dwarf-with-dsym";
				DEFINES_MODULE = YES;
				DYLIB_COMPATIBILITY_VERSION = 1;
				DYLIB_CURRENT_VERSION = 1;
				DYLIB_INSTALL_NAME_BASE = "@rpath";
				ENABLE_NS_ASSERTIONS = NO;
				ENABLE_STRICT_OBJC_MSGSEND = YES;
				GCC_C_LANGUAGE_STANDARD = gnu11;
				GCC_NO_COMMON_BLOCKS = YES;
				GCC_WARN_64_TO_32_BIT_CONVERSION = YES;
				GCC_WARN_ABOUT_RETURN_TYPE = YES_ERROR;
				GCC_WARN_UNDECLARED_SELECTOR = YES;
				GCC_WARN_UNINITIALIZED_AUTOS = YES_AGGRESSIVE;
				GCC_WARN_UNUSED_FUNCTION = YES;
				INFOPLIST_FILE = NSAttributedString_DDHTML/Info.plist;
				INSTALL_PATH = "$(LOCAL_LIBRARY_DIR)/Frameworks";
				IPHONEOS_DEPLOYMENT_TARGET = 9.0;
				LD_RUNPATH_SEARCH_PATHS = "$(inherited) @executable_path/Frameworks @loader_path/Frameworks";
				MTL_ENABLE_DEBUG_INFO = NO;
				MTL_FAST_MATH = YES;
				PRODUCT_BUNDLE_IDENTIFIER = "com.milibris.NSAttributedString-DDHTML-tvOS";
				PRODUCT_NAME = "$(TARGET_NAME:c99extidentifier)";
				SKIP_INSTALL = YES;
				TARGETED_DEVICE_FAMILY = "1,2";
				VERSIONING_SYSTEM = "apple-generic";
				VERSION_INFO_PREFIX = "";
			};
			name = Release;
		};
		5508612F2158E00F001A69FF /* Debug */ = {
			isa = XCBuildConfiguration;
			buildSettings = {
				APPLICATION_EXTENSION_API_ONLY = YES;
				CLANG_ANALYZER_NONNULL = YES;
				CLANG_ANALYZER_NUMBER_OBJECT_CONVERSION = YES_AGGRESSIVE;
				CLANG_CXX_LANGUAGE_STANDARD = "gnu++14";
				CLANG_ENABLE_MODULES = YES;
				CLANG_ENABLE_OBJC_WEAK = YES;
				CLANG_WARN_DIRECT_OBJC_ISA_USAGE = YES_ERROR;
				CLANG_WARN_DOCUMENTATION_COMMENTS = YES;
				CLANG_WARN_OBJC_ROOT_CLASS = YES_ERROR;
				CLANG_WARN_UNGUARDED_AVAILABILITY = YES_AGGRESSIVE;
				CODE_SIGN_IDENTITY = "";
				CODE_SIGN_STYLE = Automatic;
				CURRENT_PROJECT_VERSION = 1;
				DEBUG_INFORMATION_FORMAT = dwarf;
				DEFINES_MODULE = YES;
				DYLIB_COMPATIBILITY_VERSION = 1;
				DYLIB_CURRENT_VERSION = 1;
				DYLIB_INSTALL_NAME_BASE = "@rpath";
				GCC_C_LANGUAGE_STANDARD = gnu11;
				GCC_WARN_ABOUT_RETURN_TYPE = YES_ERROR;
				GCC_WARN_UNINITIALIZED_AUTOS = YES_AGGRESSIVE;
				INFOPLIST_FILE = NSAttributedString_DDHTML/Info.plist;
				INSTALL_PATH = "$(LOCAL_LIBRARY_DIR)/Frameworks";
				LD_RUNPATH_SEARCH_PATHS = "$(inherited) @executable_path/Frameworks @loader_path/Frameworks";
				MTL_ENABLE_DEBUG_INFO = INCLUDE_SOURCE;
				MTL_FAST_MATH = YES;
				PRODUCT_BUNDLE_IDENTIFIER = "com.milibris.NSAttributedString-DDHTML-watchOS";
				PRODUCT_NAME = "$(TARGET_NAME:c99extidentifier)";
				SDKROOT = watchos;
				SKIP_INSTALL = YES;
				TARGETED_DEVICE_FAMILY = 4;
				VERSIONING_SYSTEM = "apple-generic";
				VERSION_INFO_PREFIX = "";
				WATCHOS_DEPLOYMENT_TARGET = 2.0;
			};
			name = Debug;
		};
		550861302158E00F001A69FF /* Release */ = {
			isa = XCBuildConfiguration;
			buildSettings = {
				APPLICATION_EXTENSION_API_ONLY = YES;
				CLANG_ANALYZER_NONNULL = YES;
				CLANG_ANALYZER_NUMBER_OBJECT_CONVERSION = YES_AGGRESSIVE;
				CLANG_CXX_LANGUAGE_STANDARD = "gnu++14";
				CLANG_ENABLE_MODULES = YES;
				CLANG_ENABLE_OBJC_WEAK = YES;
				CLANG_WARN_DIRECT_OBJC_ISA_USAGE = YES_ERROR;
				CLANG_WARN_DOCUMENTATION_COMMENTS = YES;
				CLANG_WARN_OBJC_ROOT_CLASS = YES_ERROR;
				CLANG_WARN_UNGUARDED_AVAILABILITY = YES_AGGRESSIVE;
				CODE_SIGN_IDENTITY = "";
				CODE_SIGN_STYLE = Automatic;
				COPY_PHASE_STRIP = NO;
				CURRENT_PROJECT_VERSION = 1;
				DEBUG_INFORMATION_FORMAT = "dwarf-with-dsym";
				DEFINES_MODULE = YES;
				DYLIB_COMPATIBILITY_VERSION = 1;
				DYLIB_CURRENT_VERSION = 1;
				DYLIB_INSTALL_NAME_BASE = "@rpath";
				ENABLE_NS_ASSERTIONS = NO;
				GCC_C_LANGUAGE_STANDARD = gnu11;
				GCC_WARN_ABOUT_RETURN_TYPE = YES_ERROR;
				GCC_WARN_UNINITIALIZED_AUTOS = YES_AGGRESSIVE;
				INFOPLIST_FILE = NSAttributedString_DDHTML/Info.plist;
				INSTALL_PATH = "$(LOCAL_LIBRARY_DIR)/Frameworks";
				LD_RUNPATH_SEARCH_PATHS = "$(inherited) @executable_path/Frameworks @loader_path/Frameworks";
				MTL_ENABLE_DEBUG_INFO = NO;
				MTL_FAST_MATH = YES;
				PRODUCT_BUNDLE_IDENTIFIER = "com.milibris.NSAttributedString-DDHTML-watchOS";
				PRODUCT_NAME = "$(TARGET_NAME:c99extidentifier)";
				SDKROOT = watchos;
				SKIP_INSTALL = YES;
				TARGETED_DEVICE_FAMILY = 4;
				VERSIONING_SYSTEM = "apple-generic";
				VERSION_INFO_PREFIX = "";
				WATCHOS_DEPLOYMENT_TARGET = 2.0;
			};
			name = Release;
		};
		AA9A4B9E166FE7A80006F4EE /* Debug */ = {
			isa = XCBuildConfiguration;
			buildSettings = {
				ALWAYS_SEARCH_USER_PATHS = NO;
				CLANG_CXX_LANGUAGE_STANDARD = "gnu++0x";
				CLANG_CXX_LIBRARY = "libc++";
				CLANG_ENABLE_OBJC_ARC = YES;
				CLANG_WARN_BLOCK_CAPTURE_AUTORELEASING = YES;
				CLANG_WARN_BOOL_CONVERSION = YES;
				CLANG_WARN_COMMA = YES;
				CLANG_WARN_CONSTANT_CONVERSION = YES;
				CLANG_WARN_DEPRECATED_OBJC_IMPLEMENTATIONS = YES;
				CLANG_WARN_EMPTY_BODY = YES;
				CLANG_WARN_ENUM_CONVERSION = YES;
				CLANG_WARN_INFINITE_RECURSION = YES;
				CLANG_WARN_INT_CONVERSION = YES;
				CLANG_WARN_NON_LITERAL_NULL_CONVERSION = YES;
				CLANG_WARN_OBJC_IMPLICIT_RETAIN_SELF = YES;
				CLANG_WARN_OBJC_LITERAL_CONVERSION = YES;
				CLANG_WARN_RANGE_LOOP_ANALYSIS = YES;
				CLANG_WARN_STRICT_PROTOTYPES = YES;
				CLANG_WARN_SUSPICIOUS_MOVE = YES;
				CLANG_WARN_UNREACHABLE_CODE = YES;
				CLANG_WARN__DUPLICATE_METHOD_MATCH = YES;
				"CODE_SIGN_IDENTITY[sdk=iphoneos*]" = "iPhone Developer";
				COPY_PHASE_STRIP = NO;
				ENABLE_STRICT_OBJC_MSGSEND = YES;
				ENABLE_TESTABILITY = YES;
				GCC_C_LANGUAGE_STANDARD = gnu99;
				GCC_DYNAMIC_NO_PIC = NO;
				GCC_NO_COMMON_BLOCKS = YES;
				GCC_OPTIMIZATION_LEVEL = 0;
				GCC_PREPROCESSOR_DEFINITIONS = (
					"DEBUG=1",
					"$(inherited)",
				);
				GCC_SYMBOLS_PRIVATE_EXTERN = NO;
				GCC_WARN_64_TO_32_BIT_CONVERSION = YES;
				GCC_WARN_ABOUT_RETURN_TYPE = YES;
				GCC_WARN_UNDECLARED_SELECTOR = YES;
				GCC_WARN_UNINITIALIZED_AUTOS = YES;
				GCC_WARN_UNUSED_FUNCTION = YES;
				GCC_WARN_UNUSED_VARIABLE = YES;
				HEADER_SEARCH_PATHS = "${SDKROOT}/usr/include/libxml2";
				IPHONEOS_DEPLOYMENT_TARGET = 8.0;
				ONLY_ACTIVE_ARCH = YES;
				SDKROOT = iphoneos;
				USER_HEADER_SEARCH_PATHS = "";
			};
			name = Debug;
		};
		AA9A4B9F166FE7A80006F4EE /* Release */ = {
			isa = XCBuildConfiguration;
			buildSettings = {
				ALWAYS_SEARCH_USER_PATHS = NO;
				CLANG_CXX_LANGUAGE_STANDARD = "gnu++0x";
				CLANG_CXX_LIBRARY = "libc++";
				CLANG_ENABLE_OBJC_ARC = YES;
				CLANG_WARN_BLOCK_CAPTURE_AUTORELEASING = YES;
				CLANG_WARN_BOOL_CONVERSION = YES;
				CLANG_WARN_COMMA = YES;
				CLANG_WARN_CONSTANT_CONVERSION = YES;
				CLANG_WARN_DEPRECATED_OBJC_IMPLEMENTATIONS = YES;
				CLANG_WARN_EMPTY_BODY = YES;
				CLANG_WARN_ENUM_CONVERSION = YES;
				CLANG_WARN_INFINITE_RECURSION = YES;
				CLANG_WARN_INT_CONVERSION = YES;
				CLANG_WARN_NON_LITERAL_NULL_CONVERSION = YES;
				CLANG_WARN_OBJC_IMPLICIT_RETAIN_SELF = YES;
				CLANG_WARN_OBJC_LITERAL_CONVERSION = YES;
				CLANG_WARN_RANGE_LOOP_ANALYSIS = YES;
				CLANG_WARN_STRICT_PROTOTYPES = YES;
				CLANG_WARN_SUSPICIOUS_MOVE = YES;
				CLANG_WARN_UNREACHABLE_CODE = YES;
				CLANG_WARN__DUPLICATE_METHOD_MATCH = YES;
				"CODE_SIGN_IDENTITY[sdk=iphoneos*]" = "iPhone Developer";
				COPY_PHASE_STRIP = YES;
				ENABLE_STRICT_OBJC_MSGSEND = YES;
				GCC_C_LANGUAGE_STANDARD = gnu99;
				GCC_NO_COMMON_BLOCKS = YES;
				GCC_WARN_64_TO_32_BIT_CONVERSION = YES;
				GCC_WARN_ABOUT_RETURN_TYPE = YES;
				GCC_WARN_UNDECLARED_SELECTOR = YES;
				GCC_WARN_UNINITIALIZED_AUTOS = YES;
				GCC_WARN_UNUSED_FUNCTION = YES;
				GCC_WARN_UNUSED_VARIABLE = YES;
				HEADER_SEARCH_PATHS = "${SDKROOT}/usr/include/libxml2";
				IPHONEOS_DEPLOYMENT_TARGET = 8.0;
				OTHER_CFLAGS = "-DNS_BLOCK_ASSERTIONS=1";
				SDKROOT = iphoneos;
				USER_HEADER_SEARCH_PATHS = "";
				VALIDATE_PRODUCT = YES;
			};
			name = Release;
		};
		AA9A4BA1166FE7A80006F4EE /* Debug */ = {
			isa = XCBuildConfiguration;
			buildSettings = {
				GCC_PRECOMPILE_PREFIX_HEADER = YES;
				GCC_PREFIX_HEADER = "HTMLToAttributedString/HTMLToAttributedString-Prefix.pch";
				INFOPLIST_FILE = "HTMLToAttributedString/HTMLToAttributedString-Info.plist";
				IPHONEOS_DEPLOYMENT_TARGET = 8.0;
				OTHER_LDFLAGS = "";
				PRODUCT_BUNDLE_IDENTIFIER = "whocares.${PRODUCT_NAME:rfc1034identifier}";
				PRODUCT_NAME = "$(TARGET_NAME)";
				USER_HEADER_SEARCH_PATHS = "";
				WRAPPER_EXTENSION = app;
			};
			name = Debug;
		};
		AA9A4BA2166FE7A80006F4EE /* Release */ = {
			isa = XCBuildConfiguration;
			buildSettings = {
				GCC_PRECOMPILE_PREFIX_HEADER = YES;
				GCC_PREFIX_HEADER = "HTMLToAttributedString/HTMLToAttributedString-Prefix.pch";
				INFOPLIST_FILE = "HTMLToAttributedString/HTMLToAttributedString-Info.plist";
				IPHONEOS_DEPLOYMENT_TARGET = 8.0;
				OTHER_LDFLAGS = "";
				PRODUCT_BUNDLE_IDENTIFIER = "whocares.${PRODUCT_NAME:rfc1034identifier}";
				PRODUCT_NAME = "$(TARGET_NAME)";
				USER_HEADER_SEARCH_PATHS = "";
				WRAPPER_EXTENSION = app;
			};
			name = Release;
		};
/* End XCBuildConfiguration section */

/* Begin XCConfigurationList section */
		550861092158DBF0001A69FF /* Build configuration list for PBXNativeTarget "NSAttributedString_DDHTML_iOS" */ = {
			isa = XCConfigurationList;
			buildConfigurations = (
				550861072158DBF0001A69FF /* Debug */,
				550861082158DBF0001A69FF /* Release */,
			);
			defaultConfigurationIsVisible = 0;
			defaultConfigurationName = Release;
		};
		5508611E2158DF66001A69FF /* Build configuration list for PBXNativeTarget "NSAttributedString_DDHTML_tvOS" */ = {
			isa = XCConfigurationList;
			buildConfigurations = (
				5508611F2158DF66001A69FF /* Debug */,
				550861202158DF66001A69FF /* Release */,
			);
			defaultConfigurationIsVisible = 0;
			defaultConfigurationName = Release;
		};
		5508612E2158E00F001A69FF /* Build configuration list for PBXNativeTarget "NSAttributedString_DDHTML_watchOS" */ = {
			isa = XCConfigurationList;
			buildConfigurations = (
				5508612F2158E00F001A69FF /* Debug */,
				550861302158E00F001A69FF /* Release */,
			);
			defaultConfigurationIsVisible = 0;
			defaultConfigurationName = Release;
		};
		AA9A4B76166FE7A80006F4EE /* Build configuration list for PBXProject "HTMLToAttributedString" */ = {
			isa = XCConfigurationList;
			buildConfigurations = (
				AA9A4B9E166FE7A80006F4EE /* Debug */,
				AA9A4B9F166FE7A80006F4EE /* Release */,
			);
			defaultConfigurationIsVisible = 0;
			defaultConfigurationName = Release;
		};
		AA9A4BA0166FE7A80006F4EE /* Build configuration list for PBXNativeTarget "HTMLToAttributedString" */ = {
			isa = XCConfigurationList;
			buildConfigurations = (
				AA9A4BA1166FE7A80006F4EE /* Debug */,
				AA9A4BA2166FE7A80006F4EE /* Release */,
			);
			defaultConfigurationIsVisible = 0;
			defaultConfigurationName = Release;
		};
/* End XCConfigurationList section */
	};
	rootObject = AA9A4B73166FE7A80006F4EE /* Project object */;
}
